
Microsoft Visual Studio Solution File, Format Version 12.00
# Visual Studio Version 17
VisualStudioVersion = 17.7.34031.279
MinimumVisualStudioVersion = 10.0.40219.1
Project("{FAE04EC0-301F-11D3-BF4B-00C04F79EFBC}") = "PersonalBrowserChromium", "PersonalBrowserChromium\PersonalBrowserChromium.csproj", "{8DAAEA6B-20AC-43D9-943E-C2454645ADEB}"
EndProject
Project("{FAE04EC0-301F-11D3-BF4B-00C04F79EFBC}") = "Test", "Test\Test.csproj", "{476DA354-98F2-4B30-AA8B-E2EB15B9A7B7}"
EndProject
Global
	GlobalSection(SolutionConfigurationPlatforms) = preSolution
		Debug|Any CPU = Debug|Any CPU
		Release|Any CPU = Release|Any CPU
	EndGlobalSection
	GlobalSection(ProjectConfigurationPlatforms) = postSolution
		{8DAAEA6B-20AC-43D9-943E-C2454645ADEB}.Debug|Any CPU.ActiveCfg = Debug|Any CPU
		{8DAAEA6B-20AC-43D9-943E-C2454645ADEB}.Debug|Any CPU.Build.0 = Debug|Any CPU
		{8DAAEA6B-20AC-43D9-943E-C2454645ADEB}.Release|Any CPU.ActiveCfg = Release|Any CPU
		{8DAAEA6B-20AC-43D9-943E-C2454645ADEB}.Release|Any CPU.Build.0 = Release|Any CPU
		{476DA354-98F2-4B30-AA8B-E2EB15B9A7B7}.Debug|Any CPU.ActiveCfg = Debug|Any CPU
		{476DA354-98F2-4B30-AA8B-E2EB15B9A7B7}.Debug|Any CPU.Build.0 = Debug|Any CPU
		{476DA354-98F2-4B30-AA8B-E2EB15B9A7B7}.Release|Any CPU.ActiveCfg = Release|Any CPU
		{476DA354-98F2-4B30-AA8B-E2EB15B9A7B7}.Release|Any CPU.Build.0 = Release|Any CPU
	EndGlobalSection
	GlobalSection(SolutionProperties) = preSolution
		HideSolutionNode = FALSE
	EndGlobalSection
	GlobalSection(ExtensibilityGlobals) = postSolution
		SolutionGuid = {02BF70E6-163E-492F-B3C4-D2EF244B30D0}
	EndGlobalSection
EndGlobal
